
Microsoft Visual Studio Solution File, Format Version 12.00
# Visual Studio Version 16
VisualStudioVersion = 16.0.28803.352
MinimumVisualStudioVersion = 10.0.40219.1
Project("{9A19103F-16F7-4668-BE54-9A1E7A4F7556}") = "BizNest.Service", "BizNest.Service\BizNest.Service.csproj", "{4FB1C91B-6580-4957-9749-4C4182C61BE4}"
EndProject
Project("{9A19103F-16F7-4668-BE54-9A1E7A4F7556}") = "BizNest.Core", "BizNest.Core\BizNest.Core.csproj", "{E52D47B3-1C3C-4273-883D-AB521273DA04}"
EndProject
Project("{2150E333-8FDC-42A3-9474-1A3956D46DE8}") = "Solution Items", "Solution Items", "{4A9266CF-1EBB-41C2-9E90-526D4A026F75}"
EndProject
Project("{2150E333-8FDC-42A3-9474-1A3956D46DE8}") = "Scaffolds", "Scaffolds", "{92454827-3E5B-465A-B49A-D0C1178FB15F}"
	ProjectSection(SolutionItems) = preProject
		Business.txt = Business.txt
		BusinessType.txt = BusinessType.txt
		ProhibitedWords.txt = ProhibitedWords.txt
		StakeHolder.txt = StakeHolder.txt
	EndProjectSection
EndProject
Project("{9A19103F-16F7-4668-BE54-9A1E7A4F7556}") = "BizNest.Client", "BizNest.Client\BizNest.Client.csproj", "{D1770835-7C20-42A2-AD8F-CA2364AFA3AA}"
EndProject
Global
	GlobalSection(SolutionConfigurationPlatforms) = preSolution
		Debug|Any CPU = Debug|Any CPU
		Release|Any CPU = Release|Any CPU
	EndGlobalSection
	GlobalSection(ProjectConfigurationPlatforms) = postSolution
		{4FB1C91B-6580-4957-9749-4C4182C61BE4}.Debug|Any CPU.ActiveCfg = Debug|Any CPU
		{4FB1C91B-6580-4957-9749-4C4182C61BE4}.Debug|Any CPU.Build.0 = Debug|Any CPU
		{4FB1C91B-6580-4957-9749-4C4182C61BE4}.Release|Any CPU.ActiveCfg = Release|Any CPU
		{4FB1C91B-6580-4957-9749-4C4182C61BE4}.Release|Any CPU.Build.0 = Release|Any CPU
		{E52D47B3-1C3C-4273-883D-AB521273DA04}.Debug|Any CPU.ActiveCfg = Debug|Any CPU
		{E52D47B3-1C3C-4273-883D-AB521273DA04}.Debug|Any CPU.Build.0 = Debug|Any CPU
		{E52D47B3-1C3C-4273-883D-AB521273DA04}.Release|Any CPU.ActiveCfg = Release|Any CPU
		{E52D47B3-1C3C-4273-883D-AB521273DA04}.Release|Any CPU.Build.0 = Release|Any CPU
		{D1770835-7C20-42A2-AD8F-CA2364AFA3AA}.Debug|Any CPU.ActiveCfg = Debug|Any CPU
		{D1770835-7C20-42A2-AD8F-CA2364AFA3AA}.Debug|Any CPU.Build.0 = Debug|Any CPU
		{D1770835-7C20-42A2-AD8F-CA2364AFA3AA}.Release|Any CPU.ActiveCfg = Release|Any CPU
		{D1770835-7C20-42A2-AD8F-CA2364AFA3AA}.Release|Any CPU.Build.0 = Release|Any CPU
	EndGlobalSection
	GlobalSection(SolutionProperties) = preSolution
		HideSolutionNode = FALSE
	EndGlobalSection
	GlobalSection(NestedProjects) = preSolution
		{92454827-3E5B-465A-B49A-D0C1178FB15F} = {4A9266CF-1EBB-41C2-9E90-526D4A026F75}
	EndGlobalSection
	GlobalSection(ExtensibilityGlobals) = postSolution
		SolutionGuid = {3CA4B787-0B5D-43C7-A9C7-F6E1C8121E51}
	EndGlobalSection
EndGlobal
