
Microsoft Visual Studio Solution File, Format Version 12.00
# Visual Studio Version 16
VisualStudioVersion = 16.0.28803.352
MinimumVisualStudioVersion = 10.0.40219.1
Project("{FAE04EC0-301F-11D3-BF4B-00C04F79EFBC}") = "BizNest.Web", "BizNest.Web\BizNest.Web.csproj", "{D64141F1-5A36-4B4E-BAD1-EE43C30A4B3E}"
EndProject
Project("{FAE04EC0-301F-11D3-BF4B-00C04F79EFBC}") = "BizNest.Service", "BizNest.Service\BizNest.Service.csproj", "{4FB1C91B-6580-4957-9749-4C4182C61BE4}"
EndProject
Project("{FAE04EC0-301F-11D3-BF4B-00C04F79EFBC}") = "BizNest.Core", "BizNest.Core\BizNest.Core.csproj", "{E52D47B3-1C3C-4273-883D-AB521273DA04}"
EndProject
Project("{2150E333-8FDC-42A3-9474-1A3956D46DE8}") = "Solution Items", "Solution Items", "{4A9266CF-1EBB-41C2-9E90-526D4A026F75}"
	ProjectSection(SolutionItems) = preProject
		TextFile1.txt = TextFile1.txt
	EndProjectSection
EndProject
Global
	GlobalSection(SolutionConfigurationPlatforms) = preSolution
		Debug|Any CPU = Debug|Any CPU
		Release|Any CPU = Release|Any CPU
	EndGlobalSection
	GlobalSection(ProjectConfigurationPlatforms) = postSolution
		{D64141F1-5A36-4B4E-BAD1-EE43C30A4B3E}.Debug|Any CPU.ActiveCfg = Debug|Any CPU
		{D64141F1-5A36-4B4E-BAD1-EE43C30A4B3E}.Debug|Any CPU.Build.0 = Debug|Any CPU
		{D64141F1-5A36-4B4E-BAD1-EE43C30A4B3E}.Release|Any CPU.ActiveCfg = Release|Any CPU
		{D64141F1-5A36-4B4E-BAD1-EE43C30A4B3E}.Release|Any CPU.Build.0 = Release|Any CPU
		{4FB1C91B-6580-4957-9749-4C4182C61BE4}.Debug|Any CPU.ActiveCfg = Debug|Any CPU
		{4FB1C91B-6580-4957-9749-4C4182C61BE4}.Debug|Any CPU.Build.0 = Debug|Any CPU
		{4FB1C91B-6580-4957-9749-4C4182C61BE4}.Release|Any CPU.ActiveCfg = Release|Any CPU
		{4FB1C91B-6580-4957-9749-4C4182C61BE4}.Release|Any CPU.Build.0 = Release|Any CPU
		{E52D47B3-1C3C-4273-883D-AB521273DA04}.Debug|Any CPU.ActiveCfg = Debug|Any CPU
		{E52D47B3-1C3C-4273-883D-AB521273DA04}.Debug|Any CPU.Build.0 = Debug|Any CPU
		{E52D47B3-1C3C-4273-883D-AB521273DA04}.Release|Any CPU.ActiveCfg = Release|Any CPU
		{E52D47B3-1C3C-4273-883D-AB521273DA04}.Release|Any CPU.Build.0 = Release|Any CPU
	EndGlobalSection
	GlobalSection(SolutionProperties) = preSolution
		HideSolutionNode = FALSE
	EndGlobalSection
	GlobalSection(ExtensibilityGlobals) = postSolution
		SolutionGuid = {3CA4B787-0B5D-43C7-A9C7-F6E1C8121E51}
	EndGlobalSection
EndGlobal
